
Microsoft Visual Studio Solution File, Format Version 12.00
# Visual Studio Version 17
VisualStudioVersion = 17.1.32328.378
MinimumVisualStudioVersion = 10.0.40219.1
Project("{FAE04EC0-301F-11D3-BF4B-00C04F79EFBC}") = "CAT.Common", "CustomActionTester\CAT.Common.csproj", "{E9792802-A064-4941-885D-CF9328186B51}"
EndProject
Project("{FAE04EC0-301F-11D3-BF4B-00C04F79EFBC}") = "CAT", "CAT\CAT.csproj", "{2EC02A1D-04BE-49E5-95B9-EFC9C8BCDAD9}"
EndProject
Project("{FAE04EC0-301F-11D3-BF4B-00C04F79EFBC}") = "CAPIT", "CAPIT\CAPIT.csproj", "{6D35426D-F1AD-477F-BDAC-705DF5CFBCB0}"
EndProject
Project("{D954291E-2A0B-460D-934E-DC6B0785DB48}") = "Rappen.XRM.Helpers", "Rappen.XTB.Helper\Rappen.XRM.Helpers\Rappen.XRM.Helpers.shproj", "{2EBF1257-150F-46C8-8BBD-2A9235C0EB45}"
EndProject
Project("{D954291E-2A0B-460D-934E-DC6B0785DB48}") = "Rappen.XTB.Helpers", "Rappen.XTB.Helper\Rappen.XTB.Helpers\Rappen.XTB.Helpers.shproj", "{0B88B381-EE9D-41E8-A62C-90152C42DE90}"
EndProject
Global
	GlobalSection(SharedMSBuildProjectFiles) = preSolution
		Rappen.XTB.Helper\Rappen.XTB.Helpers\Rappen.XTB.Helpers.projitems*{0b88b381-ee9d-41e8-a62c-90152c42de90}*SharedItemsImports = 13
		Rappen.XTB.Helper\Rappen.XRM.Helpers\Rappen.XRM.Helpers.projitems*{2ebf1257-150f-46c8-8bbd-2a9235c0eb45}*SharedItemsImports = 13
		Rappen.XTB.Helper\Rappen.XRM.Helpers\Rappen.XRM.Helpers.projitems*{e9792802-a064-4941-885d-cf9328186b51}*SharedItemsImports = 4
		Rappen.XTB.Helper\Rappen.XTB.Helpers\Rappen.XTB.Helpers.projitems*{e9792802-a064-4941-885d-cf9328186b51}*SharedItemsImports = 4
	EndGlobalSection
	GlobalSection(SolutionConfigurationPlatforms) = preSolution
		Debug|Any CPU = Debug|Any CPU
		Release|Any CPU = Release|Any CPU
	EndGlobalSection
	GlobalSection(ProjectConfigurationPlatforms) = postSolution
		{E9792802-A064-4941-885D-CF9328186B51}.Debug|Any CPU.ActiveCfg = Debug|Any CPU
		{E9792802-A064-4941-885D-CF9328186B51}.Debug|Any CPU.Build.0 = Debug|Any CPU
		{E9792802-A064-4941-885D-CF9328186B51}.Release|Any CPU.ActiveCfg = Release|Any CPU
		{E9792802-A064-4941-885D-CF9328186B51}.Release|Any CPU.Build.0 = Release|Any CPU
		{2EC02A1D-04BE-49E5-95B9-EFC9C8BCDAD9}.Debug|Any CPU.ActiveCfg = Debug|Any CPU
		{2EC02A1D-04BE-49E5-95B9-EFC9C8BCDAD9}.Debug|Any CPU.Build.0 = Debug|Any CPU
		{2EC02A1D-04BE-49E5-95B9-EFC9C8BCDAD9}.Release|Any CPU.ActiveCfg = Release|Any CPU
		{2EC02A1D-04BE-49E5-95B9-EFC9C8BCDAD9}.Release|Any CPU.Build.0 = Release|Any CPU
		{6D35426D-F1AD-477F-BDAC-705DF5CFBCB0}.Debug|Any CPU.ActiveCfg = Debug|Any CPU
		{6D35426D-F1AD-477F-BDAC-705DF5CFBCB0}.Debug|Any CPU.Build.0 = Debug|Any CPU
		{6D35426D-F1AD-477F-BDAC-705DF5CFBCB0}.Release|Any CPU.ActiveCfg = Release|Any CPU
		{6D35426D-F1AD-477F-BDAC-705DF5CFBCB0}.Release|Any CPU.Build.0 = Release|Any CPU
	EndGlobalSection
	GlobalSection(SolutionProperties) = preSolution
		HideSolutionNode = FALSE
	EndGlobalSection
	GlobalSection(ExtensibilityGlobals) = postSolution
		SolutionGuid = {CC06D60D-8B51-475B-9864-ED0007C0E7BC}
	EndGlobalSection
EndGlobal
